
Microsoft Visual Studio Solution File, Format Version 9.00
# Visual C# Express 2005
Project("{FAE04EC0-301F-11D3-BF4B-00C04F79EFBC}") = "OpenMI_Daisy", "OpenMI_Daisy.csproj", "{2C8F65FA-4777-40A7-8BDE-9567B1747352}"
EndProject
Global
	GlobalSection(SolutionConfigurationPlatforms) = preSolution
		Debug|Any CPU = Debug|Any CPU
		Release|Any CPU = Release|Any CPU
	EndGlobalSection
	GlobalSection(ProjectConfigurationPlatforms) = postSolution
		{2C8F65FA-4777-40A7-8BDE-9567B1747352}.Debug|Any CPU.ActiveCfg = Debug|Any CPU
		{2C8F65FA-4777-40A7-8BDE-9567B1747352}.Debug|Any CPU.Build.0 = Debug|Any CPU
		{2C8F65FA-4777-40A7-8BDE-9567B1747352}.Release|Any CPU.ActiveCfg = Release|Any CPU
		{2C8F65FA-4777-40A7-8BDE-9567B1747352}.Release|Any CPU.Build.0 = Release|Any CPU
	EndGlobalSection
	GlobalSection(SolutionProperties) = preSolution
		HideSolutionNode = FALSE
	EndGlobalSection
EndGlobal
